// !$*UTF8*$!
{
	archiveVersion = 1;
	classes = {
	};
	objectVersion = 48;
	objects = {

/* Begin PBXBuildFile section */
		C0861DBD1FFD465000A1182A /* AppDelegate.swift in Sources */ = {isa = PBXBuildFile; fileRef = C0861DBC1FFD465000A1182A /* AppDelegate.swift */; };
		C0861DBF1FFD465000A1182A /* ViewController.swift in Sources */ = {isa = PBXBuildFile; fileRef = C0861DBE1FFD465000A1182A /* ViewController.swift */; };
		C0861DC21FFD465000A1182A /* Main.storyboard in Resources */ = {isa = PBXBuildFile; fileRef = C0861DC01FFD465000A1182A /* Main.storyboard */; };
		C0861DC51FFD465000A1182A /* Loaders.xcdatamodeld in Sources */ = {isa = PBXBuildFile; fileRef = C0861DC31FFD465000A1182A /* Loaders.xcdatamodeld */; };
		C0861DC71FFD465000A1182A /* Assets.xcassets in Resources */ = {isa = PBXBuildFile; fileRef = C0861DC61FFD465000A1182A /* Assets.xcassets */; };
		C0861DCA1FFD465000A1182A /* LaunchScreen.storyboard in Resources */ = {isa = PBXBuildFile; fileRef = C0861DC81FFD465000A1182A /* LaunchScreen.storyboard */; };
		C0BD5FD61FFD471F00ADF2B6 /* LoadersPack.framework in Frameworks */ = {isa = PBXBuildFile; fileRef = C0BD5FD51FFD471000ADF2B6 /* LoadersPack.framework */; };
		C0BD5FD71FFD471F00ADF2B6 /* LoadersPack.framework in Embed Frameworks */ = {isa = PBXBuildFile; fileRef = C0BD5FD51FFD471000ADF2B6 /* LoadersPack.framework */; settings = {ATTRIBUTES = (CodeSignOnCopy, RemoveHeadersOnCopy, ); }; };
/* End PBXBuildFile section */

/* Begin PBXContainerItemProxy section */
		C0BD5FD41FFD471000ADF2B6 /* PBXContainerItemProxy */ = {
			isa = PBXContainerItemProxy;
			containerPortal = C0BD5FD01FFD471000ADF2B6 /* LoadersPack.xcodeproj */;
			proxyType = 2;
			remoteGlobalIDString = C0BD5FBF1FFD46EE00ADF2B6;
			remoteInfo = LoadersPack;
		};
		C0BD5FD81FFD471F00ADF2B6 /* PBXContainerItemProxy */ = {
			isa = PBXContainerItemProxy;
			containerPortal = C0BD5FD01FFD471000ADF2B6 /* LoadersPack.xcodeproj */;
			proxyType = 1;
			remoteGlobalIDString = C0BD5FBE1FFD46EE00ADF2B6;
			remoteInfo = LoadersPack;
		};
/* End PBXContainerItemProxy section */

/* Begin PBXCopyFilesBuildPhase section */
		C0BD5FDA1FFD471F00ADF2B6 /* Embed Frameworks */ = {
			isa = PBXCopyFilesBuildPhase;
			buildActionMask = 2147483647;
			dstPath = "";
			dstSubfolderSpec = 10;
			files = (
				C0BD5FD71FFD471F00ADF2B6 /* LoadersPack.framework in Embed Frameworks */,
			);
			name = "Embed Frameworks";
			runOnlyForDeploymentPostprocessing = 0;
		};
/* End PBXCopyFilesBuildPhase section */

/* Begin PBXFileReference section */
		C0861DB91FFD465000A1182A /* Loaders.app */ = {isa = PBXFileReference; explicitFileType = wrapper.application; includeInIndex = 0; path = Loaders.app; sourceTree = BUILT_PRODUCTS_DIR; };
		C0861DBC1FFD465000A1182A /* AppDelegate.swift */ = {isa = PBXFileReference; lastKnownFileType = sourcecode.swift; path = AppDelegate.swift; sourceTree = "<group>"; };
		C0861DBE1FFD465000A1182A /* ViewController.swift */ = {isa = PBXFileReference; lastKnownFileType = sourcecode.swift; path = ViewController.swift; sourceTree = "<group>"; };
		C0861DC11FFD465000A1182A /* Base */ = {isa = PBXFileReference; lastKnownFileType = file.storyboard; name = Base; path = Base.lproj/Main.storyboard; sourceTree = "<group>"; };
		C0861DC41FFD465000A1182A /* Loaders.xcdatamodel */ = {isa = PBXFileReference; lastKnownFileType = wrapper.xcdatamodel; path = Loaders.xcdatamodel; sourceTree = "<group>"; };
		C0861DC61FFD465000A1182A /* Assets.xcassets */ = {isa = PBXFileReference; lastKnownFileType = folder.assetcatalog; path = Assets.xcassets; sourceTree = "<group>"; };
		C0861DC91FFD465000A1182A /* Base */ = {isa = PBXFileReference; lastKnownFileType = file.storyboard; name = Base; path = Base.lproj/LaunchScreen.storyboard; sourceTree = "<group>"; };
		C0861DCB1FFD465000A1182A /* Info.plist */ = {isa = PBXFileReference; lastKnownFileType = text.plist.xml; path = Info.plist; sourceTree = "<group>"; };
		C0BD5FD01FFD471000ADF2B6 /* LoadersPack.xcodeproj */ = {isa = PBXFileReference; lastKnownFileType = "wrapper.pb-project"; name = LoadersPack.xcodeproj; path = LoadersPack/LoadersPack.xcodeproj; sourceTree = "<group>"; };
/* End PBXFileReference section */

/* Begin PBXFrameworksBuildPhase section */
		C0861DB61FFD465000A1182A /* Frameworks */ = {
			isa = PBXFrameworksBuildPhase;
			buildActionMask = 2147483647;
			files = (
				C0BD5FD61FFD471F00ADF2B6 /* LoadersPack.framework in Frameworks */,
			);
			runOnlyForDeploymentPostprocessing = 0;
		};
/* End PBXFrameworksBuildPhase section */

/* Begin PBXGroup section */
		C0861DB01FFD465000A1182A = {
			isa = PBXGroup;
			children = (
				C0BD5FD01FFD471000ADF2B6 /* LoadersPack.xcodeproj */,
				C0861DBB1FFD465000A1182A /* Loaders */,
				C0861DBA1FFD465000A1182A /* Products */,
			);
			sourceTree = "<group>";
		};
		C0861DBA1FFD465000A1182A /* Products */ = {
			isa = PBXGroup;
			children = (
				C0861DB91FFD465000A1182A /* Loaders.app */,
			);
			name = Products;
			sourceTree = "<group>";
		};
		C0861DBB1FFD465000A1182A /* Loaders */ = {
			isa = PBXGroup;
			children = (
				C0861DBC1FFD465000A1182A /* AppDelegate.swift */,
				C0861DBE1FFD465000A1182A /* ViewController.swift */,
				C0861DC01FFD465000A1182A /* Main.storyboard */,
				C0861DC61FFD465000A1182A /* Assets.xcassets */,
				C0861DC81FFD465000A1182A /* LaunchScreen.storyboard */,
				C0861DCB1FFD465000A1182A /* Info.plist */,
				C0861DC31FFD465000A1182A /* Loaders.xcdatamodeld */,
			);
			path = Loaders;
			sourceTree = "<group>";
		};
		C0BD5FD11FFD471000ADF2B6 /* Products */ = {
			isa = PBXGroup;
			children = (
				C0BD5FD51FFD471000ADF2B6 /* LoadersPack.framework */,
			);
			name = Products;
			sourceTree = "<group>";
		};
/* End PBXGroup section */

/* Begin PBXNativeTarget section */
		C0861DB81FFD465000A1182A /* Loaders */ = {
			isa = PBXNativeTarget;
			buildConfigurationList = C0861DCE1FFD465000A1182A /* Build configuration list for PBXNativeTarget "Loaders" */;
			buildPhases = (
				C0861DB51FFD465000A1182A /* Sources */,
				C0861DB61FFD465000A1182A /* Frameworks */,
				C0861DB71FFD465000A1182A /* Resources */,
				C0BD5FDA1FFD471F00ADF2B6 /* Embed Frameworks */,
			);
			buildRules = (
			);
			dependencies = (
				C0BD5FD91FFD471F00ADF2B6 /* PBXTargetDependency */,
			);
			name = Loaders;
			productName = Loaders;
			productReference = C0861DB91FFD465000A1182A /* Loaders.app */;
			productType = "com.apple.product-type.application";
		};
/* End PBXNativeTarget section */

/* Begin PBXProject section */
		C0861DB11FFD465000A1182A /* Project object */ = {
			isa = PBXProject;
			attributes = {
				LastSwiftUpdateCheck = 0920;
				LastUpgradeCheck = 0920;
				ORGANIZATIONNAME = Suneet;
				TargetAttributes = {
					C0861DB81FFD465000A1182A = {
						CreatedOnToolsVersion = 9.2;
						ProvisioningStyle = Automatic;
					};
				};
			};
			buildConfigurationList = C0861DB41FFD465000A1182A /* Build configuration list for PBXProject "Loaders" */;
			compatibilityVersion = "Xcode 8.0";
			developmentRegion = en;
			hasScannedForEncodings = 0;
			knownRegions = (
				en,
				Base,
			);
			mainGroup = C0861DB01FFD465000A1182A;
			productRefGroup = C0861DBA1FFD465000A1182A /* Products */;
			projectDirPath = "";
			projectReferences = (
				{
					ProductGroup = C0BD5FD11FFD471000ADF2B6 /* Products */;
					ProjectRef = C0BD5FD01FFD471000ADF2B6 /* LoadersPack.xcodeproj */;
				},
			);
			projectRoot = "";
			targets = (
				C0861DB81FFD465000A1182A /* Loaders */,
			);
		};
/* End PBXProject section */

/* Begin PBXReferenceProxy section */
		C0BD5FD51FFD471000ADF2B6 /* LoadersPack.framework */ = {
			isa = PBXReferenceProxy;
			fileType = wrapper.framework;
			path = LoadersPack.framework;
			remoteRef = C0BD5FD41FFD471000ADF2B6 /* PBXContainerItemProxy */;
			sourceTree = BUILT_PRODUCTS_DIR;
		};
/* End PBXReferenceProxy section */

/* Begin PBXResourcesBuildPhase section */
		C0861DB71FFD465000A1182A /* Resources */ = {
			isa = PBXResourcesBuildPhase;
			buildActionMask = 2147483647;
			files = (
				C0861DCA1FFD465000A1182A /* LaunchScreen.storyboard in Resources */,
				C0861DC71FFD465000A1182A /* Assets.xcassets in Resources */,
				C0861DC21FFD465000A1182A /* Main.storyboard in Resources */,
			);
			runOnlyForDeploymentPostprocessing = 0;
		};
/* End PBXResourcesBuildPhase section */

/* Begin PBXSourcesBuildPhase section */
		C0861DB51FFD465000A1182A /* Sources */ = {
			isa = PBXSourcesBuildPhase;
			buildActionMask = 2147483647;
			files = (
				C0861DBF1FFD465000A1182A /* ViewController.swift in Sources */,
				C0861DBD1FFD465000A1182A /* AppDelegate.swift in Sources */,
				C0861DC51FFD465000A1182A /* Loaders.xcdatamodeld in Sources */,
			);
			runOnlyForDeploymentPostprocessing = 0;
		};
/* End PBXSourcesBuildPhase section */

/* Begin PBXTargetDependency section */
		C0BD5FD91FFD471F00ADF2B6 /* PBXTargetDependency */ = {
			isa = PBXTargetDependency;
			name = LoadersPack;
			targetProxy = C0BD5FD81FFD471F00ADF2B6 /* PBXContainerItemProxy */;
		};
/* End PBXTargetDependency section */

/* Begin PBXVariantGroup section */
		C0861DC01FFD465000A1182A /* Main.storyboard */ = {
			isa = PBXVariantGroup;
			children = (
				C0861DC11FFD465000A1182A /* Base */,
			);
			name = Main.storyboard;
			sourceTree = "<group>";
		};
		C0861DC81FFD465000A1182A /* LaunchScreen.storyboard */ = {
			isa = PBXVariantGroup;
			children = (
				C0861DC91FFD465000A1182A /* Base */,
			);
			name = LaunchScreen.storyboard;
			sourceTree = "<group>";
		};
/* End PBXVariantGroup section */

/* Begin XCBuildConfiguration section */
		C0861DCC1FFD465000A1182A /* Debug */ = {
			isa = XCBuildConfiguration;
			buildSettings = {
				ALWAYS_SEARCH_USER_PATHS = NO;
				CLANG_ANALYZER_NONNULL = YES;
				CLANG_ANALYZER_NUMBER_OBJECT_CONVERSION = YES_AGGRESSIVE;
				CLANG_CXX_LANGUAGE_STANDARD = "gnu++14";
				CLANG_CXX_LIBRARY = "libc++";
				CLANG_ENABLE_MODULES = YES;
				CLANG_ENABLE_OBJC_ARC = YES;
				CLANG_WARN_BLOCK_CAPTURE_AUTORELEASING = YES;
				CLANG_WARN_BOOL_CONVERSION = YES;
				CLANG_WARN_COMMA = YES;
				CLANG_WARN_CONSTANT_CONVERSION = YES;
				CLANG_WARN_DIRECT_OBJC_ISA_USAGE = YES_ERROR;
				CLANG_WARN_DOCUMENTATION_COMMENTS = YES;
				CLANG_WARN_EMPTY_BODY = YES;
				CLANG_WARN_ENUM_CONVERSION = YES;
				CLANG_WARN_INFINITE_RECURSION = YES;
				CLANG_WARN_INT_CONVERSION = YES;
				CLANG_WARN_NON_LITERAL_NULL_CONVERSION = YES;
				CLANG_WARN_OBJC_LITERAL_CONVERSION = YES;
				CLANG_WARN_OBJC_ROOT_CLASS = YES_ERROR;
				CLANG_WARN_RANGE_LOOP_ANALYSIS = YES;
				CLANG_WARN_STRICT_PROTOTYPES = YES;
				CLANG_WARN_SUSPICIOUS_MOVE = YES;
				CLANG_WARN_UNGUARDED_AVAILABILITY = YES_AGGRESSIVE;
				CLANG_WARN_UNREACHABLE_CODE = YES;
				CLANG_WARN__DUPLICATE_METHOD_MATCH = YES;
				CODE_SIGN_IDENTITY = "iPhone Developer";
				COPY_PHASE_STRIP = NO;
				DEBUG_INFORMATION_FORMAT = dwarf;
				ENABLE_STRICT_OBJC_MSGSEND = YES;
				ENABLE_TESTABILITY = YES;
				GCC_C_LANGUAGE_STANDARD = gnu11;
				GCC_DYNAMIC_NO_PIC = NO;
				GCC_NO_COMMON_BLOCKS = YES;
				GCC_OPTIMIZATION_LEVEL = 0;
				GCC_PREPROCESSOR_DEFINITIONS = (
					"DEBUG=1",
					"$(inherited)",
				);
				GCC_WARN_64_TO_32_BIT_CONVERSION = YES;
				GCC_WARN_ABOUT_RETURN_TYPE = YES_ERROR;
				GCC_WARN_UNDECLARED_SELECTOR = YES;
				GCC_WARN_UNINITIALIZED_AUTOS = YES_AGGRESSIVE;
				GCC_WARN_UNUSED_FUNCTION = YES;
				GCC_WARN_UNUSED_VARIABLE = YES;
				IPHONEOS_DEPLOYMENT_TARGET = 11.2;
				MTL_ENABLE_DEBUG_INFO = YES;
				ONLY_ACTIVE_ARCH = YES;
				SDKROOT = iphoneos;
				SWIFT_ACTIVE_COMPILATION_CONDITIONS = DEBUG;
				SWIFT_OPTIMIZATION_LEVEL = "-Onone";
			};
			name = Debug;
		};
		C0861DCD1FFD465000A1182A /* Release */ = {
			isa = XCBuildConfiguration;
			buildSettings = {
				ALWAYS_SEARCH_USER_PATHS = NO;
				CLANG_ANALYZER_NONNULL = YES;
				CLANG_ANALYZER_NUMBER_OBJECT_CONVERSION = YES_AGGRESSIVE;
				CLANG_CXX_LANGUAGE_STANDARD = "gnu++14";
				CLANG_CXX_LIBRARY = "libc++";
				CLANG_ENABLE_MODULES = YES;
				CLANG_ENABLE_OBJC_ARC = YES;
				CLANG_WARN_BLOCK_CAPTURE_AUTORELEASING = YES;
				CLANG_WARN_BOOL_CONVERSION = YES;
				CLANG_WARN_COMMA = YES;
				CLANG_WARN_CONSTANT_CONVERSION = YES;
				CLANG_WARN_DIRECT_OBJC_ISA_USAGE = YES_ERROR;
				CLANG_WARN_DOCUMENTATION_COMMENTS = YES;
				CLANG_WARN_EMPTY_BODY = YES;
				CLANG_WARN_ENUM_CONVERSION = YES;
				CLANG_WARN_INFINITE_RECURSION = YES;
				CLANG_WARN_INT_CONVERSION = YES;
				CLANG_WARN_NON_LITERAL_NULL_CONVERSION = YES;
				CLANG_WARN_OBJC_LITERAL_CONVERSION = YES;
				CLANG_WARN_OBJC_ROOT_CLASS = YES_ERROR;
				CLANG_WARN_RANGE_LOOP_ANALYSIS = YES;
				CLANG_WARN_STRICT_PROTOTYPES = YES;
				CLANG_WARN_SUSPICIOUS_MOVE = YES;
				CLANG_WARN_UNGUARDED_AVAILABILITY = YES_AGGRESSIVE;
				CLANG_WARN_UNREACHABLE_CODE = YES;
				CLANG_WARN__DUPLICATE_METHOD_MATCH = YES;
				CODE_SIGN_IDENTITY = "iPhone Developer";
				COPY_PHASE_STRIP = NO;
				DEBUG_INFORMATION_FORMAT = "dwarf-with-dsym";
				ENABLE_NS_ASSERTIONS = NO;
				ENABLE_STRICT_OBJC_MSGSEND = YES;
				GCC_C_LANGUAGE_STANDARD = gnu11;
				GCC_NO_COMMON_BLOCKS = YES;
				GCC_WARN_64_TO_32_BIT_CONVERSION = YES;
				GCC_WARN_ABOUT_RETURN_TYPE = YES_ERROR;
				GCC_WARN_UNDECLARED_SELECTOR = YES;
				GCC_WARN_UNINITIALIZED_AUTOS = YES_AGGRESSIVE;
				GCC_WARN_UNUSED_FUNCTION = YES;
				GCC_WARN_UNUSED_VARIABLE = YES;
				IPHONEOS_DEPLOYMENT_TARGET = 11.2;
				MTL_ENABLE_DEBUG_INFO = NO;
				SDKROOT = iphoneos;
				SWIFT_OPTIMIZATION_LEVEL = "-Owholemodule";
				VALIDATE_PRODUCT = YES;
			};
			name = Release;
		};
		C0861DCF1FFD465000A1182A /* Debug */ = {
			isa = XCBuildConfiguration;
			buildSettings = {
				ASSETCATALOG_COMPILER_APPICON_NAME = AppIcon;
				CODE_SIGN_STYLE = Automatic;
				DEVELOPMENT_TEAM = 5ZEXA487Y8;
				INFOPLIST_FILE = Loaders/Info.plist;
				LD_RUNPATH_SEARCH_PATHS = "$(inherited) @executable_path/Frameworks";
				PRODUCT_BUNDLE_IDENTIFIER = com.agrawalsuneet.Loaders;
				PRODUCT_NAME = "$(TARGET_NAME)";
				SWIFT_VERSION = 4.0;
				TARGETED_DEVICE_FAMILY = "1,2";
			};
			name = Debug;
		};
		C0861DD01FFD465000A1182A /* Release */ = {
			isa = XCBuildConfiguration;
			buildSettings = {
				ASSETCATALOG_COMPILER_APPICON_NAME = AppIcon;
				CODE_SIGN_STYLE = Automatic;
				DEVELOPMENT_TEAM = 5ZEXA487Y8;
				INFOPLIST_FILE = Loaders/Info.plist;
				LD_RUNPATH_SEARCH_PATHS = "$(inherited) @executable_path/Frameworks";
				PRODUCT_BUNDLE_IDENTIFIER = com.agrawalsuneet.Loaders;
				PRODUCT_NAME = "$(TARGET_NAME)";
				SWIFT_VERSION = 4.0;
				TARGETED_DEVICE_FAMILY = "1,2";
			};
			name = Release;
		};
/* End XCBuildConfiguration section */

/* Begin XCConfigurationList section */
		C0861DB41FFD465000A1182A /* Build configuration list for PBXProject "Loaders" */ = {
			isa = XCConfigurationList;
			buildConfigurations = (
				C0861DCC1FFD465000A1182A /* Debug */,
				C0861DCD1FFD465000A1182A /* Release */,
			);
			defaultConfigurationIsVisible = 0;
			defaultConfigurationName = Release;
		};
		C0861DCE1FFD465000A1182A /* Build configuration list for PBXNativeTarget "Loaders" */ = {
			isa = XCConfigurationList;
			buildConfigurations = (
				C0861DCF1FFD465000A1182A /* Debug */,
				C0861DD01FFD465000A1182A /* Release */,
			);
			defaultConfigurationIsVisible = 0;
			defaultConfigurationName = Release;
		};
/* End XCConfigurationList section */

/* Begin XCVersionGroup section */
		C0861DC31FFD465000A1182A /* Loaders.xcdatamodeld */ = {
			isa = XCVersionGroup;
			children = (
				C0861DC41FFD465000A1182A /* Loaders.xcdatamodel */,
			);
			currentVersion = C0861DC41FFD465000A1182A /* Loaders.xcdatamodel */;
			path = Loaders.xcdatamodeld;
			sourceTree = "<group>";
			versionGroupType = wrapper.xcdatamodel;
		};
/* End XCVersionGroup section */
	};
	rootObject = C0861DB11FFD465000A1182A /* Project object */;
}
